
Microsoft Visual Studio Solution File, Format Version 12.00
# Visual Studio 15
VisualStudioVersion = 15.0.27130.2024
MinimumVisualStudioVersion = 10.0.40219.1
Project("{8BC9CEB8-8B4A-11D0-8D11-00A0C91BC942}") = "IfBasic", "IfBasic\IfBasic.vcxproj", "{21AABA57-4BB2-4315-AE9C-169534E6B8C4}"
EndProject
Project("{8BC9CEB8-8B4A-11D0-8D11-00A0C91BC942}") = "Main_Template", "Main_Template\Main_Template.vcxproj", "{29975C33-637C-4295-9686-25028D1CFCEE}"
EndProject
Project("{8BC9CEB8-8B4A-11D0-8D11-00A0C91BC942}") = "CalOne", "CalOne\CalOne.vcxproj", "{039DD829-2E01-4229-8472-D46038872090}"
EndProject
Project("{8BC9CEB8-8B4A-11D0-8D11-00A0C91BC942}") = "Mul3Mul4", "Mul3Mul4\Mul3Mul4.vcxproj", "{4FCBA2DE-EEB6-40F6-9BAF-F0F5132CCE76}"
EndProject
Project("{8BC9CEB8-8B4A-11D0-8D11-00A0C91BC942}") = "IfElseBasic", "IfElseBasic\IfElseBasic.vcxproj", "{6366B99A-0819-44BE-BABE-65B9498304FE}"
EndProject
Project("{8BC9CEB8-8B4A-11D0-8D11-00A0C91BC942}") = "CalTwo", "CalTwo\CalTwo.vcxproj", "{526A4CC4-1E49-4274-89A4-D50885E7DEFD}"
EndProject
Project("{8BC9CEB8-8B4A-11D0-8D11-00A0C91BC942}") = "ThreeOperand", "ThreeOperand\ThreeOperand.vcxproj", "{91F1B3A7-D86C-415F-A2CA-63970377AAE9}"
EndProject
Project("{8BC9CEB8-8B4A-11D0-8D11-00A0C91BC942}") = "P189_Questions", "P189_Questions\P189_Questions.vcxproj", "{032E3EAA-212F-437A-83F8-1CB96E5A84BB}"
EndProject
Project("{8BC9CEB8-8B4A-11D0-8D11-00A0C91BC942}") = "WhenOver5000", "WhenOver5000\WhenOver5000.vcxproj", "{9743F46F-BA43-43AD-8249-38E07F809B52}"
EndProject
Project("{8BC9CEB8-8B4A-11D0-8D11-00A0C91BC942}") = "ExcepMul2Mul3", "ExcepMul2Mul3\ExcepMul2Mul3.vcxproj", "{583EB4DC-F002-4DFB-95E6-FA247C1084E1}"
EndProject
Project("{8BC9CEB8-8B4A-11D0-8D11-00A0C91BC942}") = "P193_Qeustions", "P193_Qeustions\P193_Qeustions.vcxproj", "{69CC546E-BF95-4224-8115-E636D755CAD1}"
EndProject
Project("{8BC9CEB8-8B4A-11D0-8D11-00A0C91BC942}") = "EnglishSchool", "EnglishSchool\EnglishSchool.vcxproj", "{FCC12640-4762-40B3-AC4A-ADDDC186E630}"
EndProject
Project("{8BC9CEB8-8B4A-11D0-8D11-00A0C91BC942}") = "AdvanEnglishSchool", "AdvanEnglishSchool\AdvanEnglishSchool.vcxproj", "{5F650CE0-2C1B-4CF0-AF0D-143DDB50F64A}"
EndProject
Project("{8BC9CEB8-8B4A-11D0-8D11-00A0C91BC942}") = "P200_Questions", "P200_Questions\P200_Questions.vcxproj", "{022A321C-3DC2-4C98-BB59-6CDC3EE8CE1D}"
EndProject
Project("{8BC9CEB8-8B4A-11D0-8D11-00A0C91BC942}") = "GoToBasic", "GoToBasic\GoToBasic.vcxproj", "{3992E4E2-F9E3-48C8-99F2-69E3DC6B9808}"
EndProject
Global
	GlobalSection(SolutionConfigurationPlatforms) = preSolution
		Debug|x64 = Debug|x64
		Debug|x86 = Debug|x86
		Release|x64 = Release|x64
		Release|x86 = Release|x86
	EndGlobalSection
	GlobalSection(ProjectConfigurationPlatforms) = postSolution
		{21AABA57-4BB2-4315-AE9C-169534E6B8C4}.Debug|x64.ActiveCfg = Debug|x64
		{21AABA57-4BB2-4315-AE9C-169534E6B8C4}.Debug|x64.Build.0 = Debug|x64
		{21AABA57-4BB2-4315-AE9C-169534E6B8C4}.Debug|x86.ActiveCfg = Debug|Win32
		{21AABA57-4BB2-4315-AE9C-169534E6B8C4}.Debug|x86.Build.0 = Debug|Win32
		{21AABA57-4BB2-4315-AE9C-169534E6B8C4}.Release|x64.ActiveCfg = Release|x64
		{21AABA57-4BB2-4315-AE9C-169534E6B8C4}.Release|x64.Build.0 = Release|x64
		{21AABA57-4BB2-4315-AE9C-169534E6B8C4}.Release|x86.ActiveCfg = Release|Win32
		{21AABA57-4BB2-4315-AE9C-169534E6B8C4}.Release|x86.Build.0 = Release|Win32
		{29975C33-637C-4295-9686-25028D1CFCEE}.Debug|x64.ActiveCfg = Debug|x64
		{29975C33-637C-4295-9686-25028D1CFCEE}.Debug|x64.Build.0 = Debug|x64
		{29975C33-637C-4295-9686-25028D1CFCEE}.Debug|x86.ActiveCfg = Debug|Win32
		{29975C33-637C-4295-9686-25028D1CFCEE}.Debug|x86.Build.0 = Debug|Win32
		{29975C33-637C-4295-9686-25028D1CFCEE}.Release|x64.ActiveCfg = Release|x64
		{29975C33-637C-4295-9686-25028D1CFCEE}.Release|x64.Build.0 = Release|x64
		{29975C33-637C-4295-9686-25028D1CFCEE}.Release|x86.ActiveCfg = Release|Win32
		{29975C33-637C-4295-9686-25028D1CFCEE}.Release|x86.Build.0 = Release|Win32
		{039DD829-2E01-4229-8472-D46038872090}.Debug|x64.ActiveCfg = Debug|x64
		{039DD829-2E01-4229-8472-D46038872090}.Debug|x64.Build.0 = Debug|x64
		{039DD829-2E01-4229-8472-D46038872090}.Debug|x86.ActiveCfg = Debug|Win32
		{039DD829-2E01-4229-8472-D46038872090}.Debug|x86.Build.0 = Debug|Win32
		{039DD829-2E01-4229-8472-D46038872090}.Release|x64.ActiveCfg = Release|x64
		{039DD829-2E01-4229-8472-D46038872090}.Release|x64.Build.0 = Release|x64
		{039DD829-2E01-4229-8472-D46038872090}.Release|x86.ActiveCfg = Release|Win32
		{039DD829-2E01-4229-8472-D46038872090}.Release|x86.Build.0 = Release|Win32
		{4FCBA2DE-EEB6-40F6-9BAF-F0F5132CCE76}.Debug|x64.ActiveCfg = Debug|x64
		{4FCBA2DE-EEB6-40F6-9BAF-F0F5132CCE76}.Debug|x64.Build.0 = Debug|x64
		{4FCBA2DE-EEB6-40F6-9BAF-F0F5132CCE76}.Debug|x86.ActiveCfg = Debug|Win32
		{4FCBA2DE-EEB6-40F6-9BAF-F0F5132CCE76}.Debug|x86.Build.0 = Debug|Win32
		{4FCBA2DE-EEB6-40F6-9BAF-F0F5132CCE76}.Release|x64.ActiveCfg = Release|x64
		{4FCBA2DE-EEB6-40F6-9BAF-F0F5132CCE76}.Release|x64.Build.0 = Release|x64
		{4FCBA2DE-EEB6-40F6-9BAF-F0F5132CCE76}.Release|x86.ActiveCfg = Release|Win32
		{4FCBA2DE-EEB6-40F6-9BAF-F0F5132CCE76}.Release|x86.Build.0 = Release|Win32
		{6366B99A-0819-44BE-BABE-65B9498304FE}.Debug|x64.ActiveCfg = Debug|x64
		{6366B99A-0819-44BE-BABE-65B9498304FE}.Debug|x64.Build.0 = Debug|x64
		{6366B99A-0819-44BE-BABE-65B9498304FE}.Debug|x86.ActiveCfg = Debug|Win32
		{6366B99A-0819-44BE-BABE-65B9498304FE}.Debug|x86.Build.0 = Debug|Win32
		{6366B99A-0819-44BE-BABE-65B9498304FE}.Release|x64.ActiveCfg = Release|x64
		{6366B99A-0819-44BE-BABE-65B9498304FE}.Release|x64.Build.0 = Release|x64
		{6366B99A-0819-44BE-BABE-65B9498304FE}.Release|x86.ActiveCfg = Release|Win32
		{6366B99A-0819-44BE-BABE-65B9498304FE}.Release|x86.Build.0 = Release|Win32
		{526A4CC4-1E49-4274-89A4-D50885E7DEFD}.Debug|x64.ActiveCfg = Debug|x64
		{526A4CC4-1E49-4274-89A4-D50885E7DEFD}.Debug|x64.Build.0 = Debug|x64
		{526A4CC4-1E49-4274-89A4-D50885E7DEFD}.Debug|x86.ActiveCfg = Debug|Win32
		{526A4CC4-1E49-4274-89A4-D50885E7DEFD}.Debug|x86.Build.0 = Debug|Win32
		{526A4CC4-1E49-4274-89A4-D50885E7DEFD}.Release|x64.ActiveCfg = Release|x64
		{526A4CC4-1E49-4274-89A4-D50885E7DEFD}.Release|x64.Build.0 = Release|x64
		{526A4CC4-1E49-4274-89A4-D50885E7DEFD}.Release|x86.ActiveCfg = Release|Win32
		{526A4CC4-1E49-4274-89A4-D50885E7DEFD}.Release|x86.Build.0 = Release|Win32
		{91F1B3A7-D86C-415F-A2CA-63970377AAE9}.Debug|x64.ActiveCfg = Debug|x64
		{91F1B3A7-D86C-415F-A2CA-63970377AAE9}.Debug|x64.Build.0 = Debug|x64
		{91F1B3A7-D86C-415F-A2CA-63970377AAE9}.Debug|x86.ActiveCfg = Debug|Win32
		{91F1B3A7-D86C-415F-A2CA-63970377AAE9}.Debug|x86.Build.0 = Debug|Win32
		{91F1B3A7-D86C-415F-A2CA-63970377AAE9}.Release|x64.ActiveCfg = Release|x64
		{91F1B3A7-D86C-415F-A2CA-63970377AAE9}.Release|x64.Build.0 = Release|x64
		{91F1B3A7-D86C-415F-A2CA-63970377AAE9}.Release|x86.ActiveCfg = Release|Win32
		{91F1B3A7-D86C-415F-A2CA-63970377AAE9}.Release|x86.Build.0 = Release|Win32
		{032E3EAA-212F-437A-83F8-1CB96E5A84BB}.Debug|x64.ActiveCfg = Debug|x64
		{032E3EAA-212F-437A-83F8-1CB96E5A84BB}.Debug|x64.Build.0 = Debug|x64
		{032E3EAA-212F-437A-83F8-1CB96E5A84BB}.Debug|x86.ActiveCfg = Debug|Win32
		{032E3EAA-212F-437A-83F8-1CB96E5A84BB}.Debug|x86.Build.0 = Debug|Win32
		{032E3EAA-212F-437A-83F8-1CB96E5A84BB}.Release|x64.ActiveCfg = Release|x64
		{032E3EAA-212F-437A-83F8-1CB96E5A84BB}.Release|x64.Build.0 = Release|x64
		{032E3EAA-212F-437A-83F8-1CB96E5A84BB}.Release|x86.ActiveCfg = Release|Win32
		{032E3EAA-212F-437A-83F8-1CB96E5A84BB}.Release|x86.Build.0 = Release|Win32
		{9743F46F-BA43-43AD-8249-38E07F809B52}.Debug|x64.ActiveCfg = Debug|x64
		{9743F46F-BA43-43AD-8249-38E07F809B52}.Debug|x64.Build.0 = Debug|x64
		{9743F46F-BA43-43AD-8249-38E07F809B52}.Debug|x86.ActiveCfg = Debug|Win32
		{9743F46F-BA43-43AD-8249-38E07F809B52}.Debug|x86.Build.0 = Debug|Win32
		{9743F46F-BA43-43AD-8249-38E07F809B52}.Release|x64.ActiveCfg = Release|x64
		{9743F46F-BA43-43AD-8249-38E07F809B52}.Release|x64.Build.0 = Release|x64
		{9743F46F-BA43-43AD-8249-38E07F809B52}.Release|x86.ActiveCfg = Release|Win32
		{9743F46F-BA43-43AD-8249-38E07F809B52}.Release|x86.Build.0 = Release|Win32
		{583EB4DC-F002-4DFB-95E6-FA247C1084E1}.Debug|x64.ActiveCfg = Debug|x64
		{583EB4DC-F002-4DFB-95E6-FA247C1084E1}.Debug|x64.Build.0 = Debug|x64
		{583EB4DC-F002-4DFB-95E6-FA247C1084E1}.Debug|x86.ActiveCfg = Debug|Win32
		{583EB4DC-F002-4DFB-95E6-FA247C1084E1}.Debug|x86.Build.0 = Debug|Win32
		{583EB4DC-F002-4DFB-95E6-FA247C1084E1}.Release|x64.ActiveCfg = Release|x64
		{583EB4DC-F002-4DFB-95E6-FA247C1084E1}.Release|x64.Build.0 = Release|x64
		{583EB4DC-F002-4DFB-95E6-FA247C1084E1}.Release|x86.ActiveCfg = Release|Win32
		{583EB4DC-F002-4DFB-95E6-FA247C1084E1}.Release|x86.Build.0 = Release|Win32
		{69CC546E-BF95-4224-8115-E636D755CAD1}.Debug|x64.ActiveCfg = Debug|x64
		{69CC546E-BF95-4224-8115-E636D755CAD1}.Debug|x64.Build.0 = Debug|x64
		{69CC546E-BF95-4224-8115-E636D755CAD1}.Debug|x86.ActiveCfg = Debug|Win32
		{69CC546E-BF95-4224-8115-E636D755CAD1}.Debug|x86.Build.0 = Debug|Win32
		{69CC546E-BF95-4224-8115-E636D755CAD1}.Release|x64.ActiveCfg = Release|x64
		{69CC546E-BF95-4224-8115-E636D755CAD1}.Release|x64.Build.0 = Release|x64
		{69CC546E-BF95-4224-8115-E636D755CAD1}.Release|x86.ActiveCfg = Release|Win32
		{69CC546E-BF95-4224-8115-E636D755CAD1}.Release|x86.Build.0 = Release|Win32
		{FCC12640-4762-40B3-AC4A-ADDDC186E630}.Debug|x64.ActiveCfg = Debug|x64
		{FCC12640-4762-40B3-AC4A-ADDDC186E630}.Debug|x64.Build.0 = Debug|x64
		{FCC12640-4762-40B3-AC4A-ADDDC186E630}.Debug|x86.ActiveCfg = Debug|Win32
		{FCC12640-4762-40B3-AC4A-ADDDC186E630}.Debug|x86.Build.0 = Debug|Win32
		{FCC12640-4762-40B3-AC4A-ADDDC186E630}.Release|x64.ActiveCfg = Release|x64
		{FCC12640-4762-40B3-AC4A-ADDDC186E630}.Release|x64.Build.0 = Release|x64
		{FCC12640-4762-40B3-AC4A-ADDDC186E630}.Release|x86.ActiveCfg = Release|Win32
		{FCC12640-4762-40B3-AC4A-ADDDC186E630}.Release|x86.Build.0 = Release|Win32
		{5F650CE0-2C1B-4CF0-AF0D-143DDB50F64A}.Debug|x64.ActiveCfg = Debug|x64
		{5F650CE0-2C1B-4CF0-AF0D-143DDB50F64A}.Debug|x64.Build.0 = Debug|x64
		{5F650CE0-2C1B-4CF0-AF0D-143DDB50F64A}.Debug|x86.ActiveCfg = Debug|Win32
		{5F650CE0-2C1B-4CF0-AF0D-143DDB50F64A}.Debug|x86.Build.0 = Debug|Win32
		{5F650CE0-2C1B-4CF0-AF0D-143DDB50F64A}.Release|x64.ActiveCfg = Release|x64
		{5F650CE0-2C1B-4CF0-AF0D-143DDB50F64A}.Release|x64.Build.0 = Release|x64
		{5F650CE0-2C1B-4CF0-AF0D-143DDB50F64A}.Release|x86.ActiveCfg = Release|Win32
		{5F650CE0-2C1B-4CF0-AF0D-143DDB50F64A}.Release|x86.Build.0 = Release|Win32
		{022A321C-3DC2-4C98-BB59-6CDC3EE8CE1D}.Debug|x64.ActiveCfg = Debug|x64
		{022A321C-3DC2-4C98-BB59-6CDC3EE8CE1D}.Debug|x64.Build.0 = Debug|x64
		{022A321C-3DC2-4C98-BB59-6CDC3EE8CE1D}.Debug|x86.ActiveCfg = Debug|Win32
		{022A321C-3DC2-4C98-BB59-6CDC3EE8CE1D}.Debug|x86.Build.0 = Debug|Win32
		{022A321C-3DC2-4C98-BB59-6CDC3EE8CE1D}.Release|x64.ActiveCfg = Release|x64
		{022A321C-3DC2-4C98-BB59-6CDC3EE8CE1D}.Release|x64.Build.0 = Release|x64
		{022A321C-3DC2-4C98-BB59-6CDC3EE8CE1D}.Release|x86.ActiveCfg = Release|Win32
		{022A321C-3DC2-4C98-BB59-6CDC3EE8CE1D}.Release|x86.Build.0 = Release|Win32
		{3992E4E2-F9E3-48C8-99F2-69E3DC6B9808}.Debug|x64.ActiveCfg = Debug|x64
		{3992E4E2-F9E3-48C8-99F2-69E3DC6B9808}.Debug|x64.Build.0 = Debug|x64
		{3992E4E2-F9E3-48C8-99F2-69E3DC6B9808}.Debug|x86.ActiveCfg = Debug|Win32
		{3992E4E2-F9E3-48C8-99F2-69E3DC6B9808}.Debug|x86.Build.0 = Debug|Win32
		{3992E4E2-F9E3-48C8-99F2-69E3DC6B9808}.Release|x64.ActiveCfg = Release|x64
		{3992E4E2-F9E3-48C8-99F2-69E3DC6B9808}.Release|x64.Build.0 = Release|x64
		{3992E4E2-F9E3-48C8-99F2-69E3DC6B9808}.Release|x86.ActiveCfg = Release|Win32
		{3992E4E2-F9E3-48C8-99F2-69E3DC6B9808}.Release|x86.Build.0 = Release|Win32
	EndGlobalSection
	GlobalSection(SolutionProperties) = preSolution
		HideSolutionNode = FALSE
	EndGlobalSection
	GlobalSection(ExtensibilityGlobals) = postSolution
		SolutionGuid = {BA4318A6-31DE-4059-BBDD-AB376031CF68}
	EndGlobalSection
EndGlobal
