
Microsoft Visual Studio Solution File, Format Version 12.00
# Visual Studio 15
VisualStudioVersion = 15.0.27130.2024
MinimumVisualStudioVersion = 10.0.40219.1
Project("{8BC9CEB8-8B4A-11D0-8D11-00A0C91BC942}") = "PrintOutput", "part1_chapter09\part1_chapter09.vcxproj", "{D77F85F1-4967-49FA-96A7-43E819E71409}"
EndProject
Project("{8BC9CEB8-8B4A-11D0-8D11-00A0C91BC942}") = "MainTemplate", "MainTemplate\MainTemplate.vcxproj", "{E61C062E-D541-4FFE-A808-6772A5B7FC28}"
EndProject
Project("{8BC9CEB8-8B4A-11D0-8D11-00A0C91BC942}") = "SimpleAddFunc", "SimpleAddFunc\SimpleAddFunc.vcxproj", "{4A6661F9-2BB7-4BB7-B557-3B837B1DD3AB}"
EndProject
Project("{8BC9CEB8-8B4A-11D0-8D11-00A0C91BC942}") = "SmartAddFunc", "SmartAddFunc\SmartAddFunc.vcxproj", "{A3D8502A-E81D-49DA-8104-223E39AB44F0}"
EndProject
Project("{8BC9CEB8-8B4A-11D0-8D11-00A0C91BC942}") = "NumCompare", "NumCompare\NumCompare.vcxproj", "{9E2081C8-4DA0-4FAA-BA14-4333B674F089}"
EndProject
Project("{8BC9CEB8-8B4A-11D0-8D11-00A0C91BC942}") = "AbsoCompare", "AbsoCompare\AbsoCompare.vcxproj", "{8437572C-06A2-4593-95F5-572C7B185601}"
EndProject
Project("{8BC9CEB8-8B4A-11D0-8D11-00A0C91BC942}") = "P221_Qeustions", "P221_Qeustions\P221_Qeustions.vcxproj", "{663F657B-9BBA-4F3D-97BB-67214C59375C}"
EndProject
Project("{8BC9CEB8-8B4A-11D0-8D11-00A0C91BC942}") = "LocalVariable", "LocalVariable\LocalVariable.vcxproj", "{8E9504EB-FDAC-43E4-BA0F-D8839CFDD26E}"
EndProject
Project("{8BC9CEB8-8B4A-11D0-8D11-00A0C91BC942}") = "AnotherLocalVal", "AnotherLocalVal\AnotherLocalVal.vcxproj", "{79D6D9F4-DBB2-4588-A755-18DD75A57BF8}"
EndProject
Project("{8BC9CEB8-8B4A-11D0-8D11-00A0C91BC942}") = "LocalValHideVal", "LocalValHideVal\LocalValHideVal.vcxproj", "{9B123F09-9E57-4726-B2BB-7FA203280C3D}"
EndProject
Project("{8BC9CEB8-8B4A-11D0-8D11-00A0C91BC942}") = "GlobalVariable", "GlobalVariable\GlobalVariable.vcxproj", "{E70D3CE8-57CC-467B-AAF1-B45765E93B99}"
EndProject
Project("{8BC9CEB8-8B4A-11D0-8D11-00A0C91BC942}") = "LocalValHideGlobalVal", "LocalValHideGlobalVal\LocalValHideGlobalVal.vcxproj", "{A2B8C38A-A2D9-41E6-9A0E-120E68993A3A}"
EndProject
Project("{8BC9CEB8-8B4A-11D0-8D11-00A0C91BC942}") = "StaticLocalVariable", "StaticLocalVariable\StaticLocalVariable.vcxproj", "{DB474603-ECEB-4476-B6DB-246B364CA662}"
EndProject
Project("{8BC9CEB8-8B4A-11D0-8D11-00A0C91BC942}") = "P237_Questions", "P237_Questions\P237_Questions.vcxproj", "{9EF51DE0-2D94-435E-B51E-0F5188A263DE}"
EndProject
Project("{8BC9CEB8-8B4A-11D0-8D11-00A0C91BC942}") = "RecursiveFunc", "RecursiveFunc\RecursiveFunc.vcxproj", "{4612680A-95E5-43C0-8789-2D7C37E7133C}"
EndProject
Project("{8BC9CEB8-8B4A-11D0-8D11-00A0C91BC942}") = "RecursiveFactorial", "RecursiveFactorial\RecursiveFactorial.vcxproj", "{F1985E62-1C07-4E61-A731-87958FE72340}"
EndProject
Global
	GlobalSection(SolutionConfigurationPlatforms) = preSolution
		Debug|x64 = Debug|x64
		Debug|x86 = Debug|x86
		Release|x64 = Release|x64
		Release|x86 = Release|x86
	EndGlobalSection
	GlobalSection(ProjectConfigurationPlatforms) = postSolution
		{D77F85F1-4967-49FA-96A7-43E819E71409}.Debug|x64.ActiveCfg = Debug|x64
		{D77F85F1-4967-49FA-96A7-43E819E71409}.Debug|x64.Build.0 = Debug|x64
		{D77F85F1-4967-49FA-96A7-43E819E71409}.Debug|x86.ActiveCfg = Debug|Win32
		{D77F85F1-4967-49FA-96A7-43E819E71409}.Debug|x86.Build.0 = Debug|Win32
		{D77F85F1-4967-49FA-96A7-43E819E71409}.Release|x64.ActiveCfg = Release|x64
		{D77F85F1-4967-49FA-96A7-43E819E71409}.Release|x64.Build.0 = Release|x64
		{D77F85F1-4967-49FA-96A7-43E819E71409}.Release|x86.ActiveCfg = Release|Win32
		{D77F85F1-4967-49FA-96A7-43E819E71409}.Release|x86.Build.0 = Release|Win32
		{E61C062E-D541-4FFE-A808-6772A5B7FC28}.Debug|x64.ActiveCfg = Debug|x64
		{E61C062E-D541-4FFE-A808-6772A5B7FC28}.Debug|x64.Build.0 = Debug|x64
		{E61C062E-D541-4FFE-A808-6772A5B7FC28}.Debug|x86.ActiveCfg = Debug|Win32
		{E61C062E-D541-4FFE-A808-6772A5B7FC28}.Debug|x86.Build.0 = Debug|Win32
		{E61C062E-D541-4FFE-A808-6772A5B7FC28}.Release|x64.ActiveCfg = Release|x64
		{E61C062E-D541-4FFE-A808-6772A5B7FC28}.Release|x64.Build.0 = Release|x64
		{E61C062E-D541-4FFE-A808-6772A5B7FC28}.Release|x86.ActiveCfg = Release|Win32
		{E61C062E-D541-4FFE-A808-6772A5B7FC28}.Release|x86.Build.0 = Release|Win32
		{4A6661F9-2BB7-4BB7-B557-3B837B1DD3AB}.Debug|x64.ActiveCfg = Debug|x64
		{4A6661F9-2BB7-4BB7-B557-3B837B1DD3AB}.Debug|x64.Build.0 = Debug|x64
		{4A6661F9-2BB7-4BB7-B557-3B837B1DD3AB}.Debug|x86.ActiveCfg = Debug|Win32
		{4A6661F9-2BB7-4BB7-B557-3B837B1DD3AB}.Debug|x86.Build.0 = Debug|Win32
		{4A6661F9-2BB7-4BB7-B557-3B837B1DD3AB}.Release|x64.ActiveCfg = Release|x64
		{4A6661F9-2BB7-4BB7-B557-3B837B1DD3AB}.Release|x64.Build.0 = Release|x64
		{4A6661F9-2BB7-4BB7-B557-3B837B1DD3AB}.Release|x86.ActiveCfg = Release|Win32
		{4A6661F9-2BB7-4BB7-B557-3B837B1DD3AB}.Release|x86.Build.0 = Release|Win32
		{A3D8502A-E81D-49DA-8104-223E39AB44F0}.Debug|x64.ActiveCfg = Debug|x64
		{A3D8502A-E81D-49DA-8104-223E39AB44F0}.Debug|x64.Build.0 = Debug|x64
		{A3D8502A-E81D-49DA-8104-223E39AB44F0}.Debug|x86.ActiveCfg = Debug|Win32
		{A3D8502A-E81D-49DA-8104-223E39AB44F0}.Debug|x86.Build.0 = Debug|Win32
		{A3D8502A-E81D-49DA-8104-223E39AB44F0}.Release|x64.ActiveCfg = Release|x64
		{A3D8502A-E81D-49DA-8104-223E39AB44F0}.Release|x64.Build.0 = Release|x64
		{A3D8502A-E81D-49DA-8104-223E39AB44F0}.Release|x86.ActiveCfg = Release|Win32
		{A3D8502A-E81D-49DA-8104-223E39AB44F0}.Release|x86.Build.0 = Release|Win32
		{9E2081C8-4DA0-4FAA-BA14-4333B674F089}.Debug|x64.ActiveCfg = Debug|x64
		{9E2081C8-4DA0-4FAA-BA14-4333B674F089}.Debug|x64.Build.0 = Debug|x64
		{9E2081C8-4DA0-4FAA-BA14-4333B674F089}.Debug|x86.ActiveCfg = Debug|Win32
		{9E2081C8-4DA0-4FAA-BA14-4333B674F089}.Debug|x86.Build.0 = Debug|Win32
		{9E2081C8-4DA0-4FAA-BA14-4333B674F089}.Release|x64.ActiveCfg = Release|x64
		{9E2081C8-4DA0-4FAA-BA14-4333B674F089}.Release|x64.Build.0 = Release|x64
		{9E2081C8-4DA0-4FAA-BA14-4333B674F089}.Release|x86.ActiveCfg = Release|Win32
		{9E2081C8-4DA0-4FAA-BA14-4333B674F089}.Release|x86.Build.0 = Release|Win32
		{8437572C-06A2-4593-95F5-572C7B185601}.Debug|x64.ActiveCfg = Debug|x64
		{8437572C-06A2-4593-95F5-572C7B185601}.Debug|x64.Build.0 = Debug|x64
		{8437572C-06A2-4593-95F5-572C7B185601}.Debug|x86.ActiveCfg = Debug|Win32
		{8437572C-06A2-4593-95F5-572C7B185601}.Debug|x86.Build.0 = Debug|Win32
		{8437572C-06A2-4593-95F5-572C7B185601}.Release|x64.ActiveCfg = Release|x64
		{8437572C-06A2-4593-95F5-572C7B185601}.Release|x64.Build.0 = Release|x64
		{8437572C-06A2-4593-95F5-572C7B185601}.Release|x86.ActiveCfg = Release|Win32
		{8437572C-06A2-4593-95F5-572C7B185601}.Release|x86.Build.0 = Release|Win32
		{663F657B-9BBA-4F3D-97BB-67214C59375C}.Debug|x64.ActiveCfg = Debug|x64
		{663F657B-9BBA-4F3D-97BB-67214C59375C}.Debug|x64.Build.0 = Debug|x64
		{663F657B-9BBA-4F3D-97BB-67214C59375C}.Debug|x86.ActiveCfg = Debug|Win32
		{663F657B-9BBA-4F3D-97BB-67214C59375C}.Debug|x86.Build.0 = Debug|Win32
		{663F657B-9BBA-4F3D-97BB-67214C59375C}.Release|x64.ActiveCfg = Release|x64
		{663F657B-9BBA-4F3D-97BB-67214C59375C}.Release|x64.Build.0 = Release|x64
		{663F657B-9BBA-4F3D-97BB-67214C59375C}.Release|x86.ActiveCfg = Release|Win32
		{663F657B-9BBA-4F3D-97BB-67214C59375C}.Release|x86.Build.0 = Release|Win32
		{8E9504EB-FDAC-43E4-BA0F-D8839CFDD26E}.Debug|x64.ActiveCfg = Debug|x64
		{8E9504EB-FDAC-43E4-BA0F-D8839CFDD26E}.Debug|x64.Build.0 = Debug|x64
		{8E9504EB-FDAC-43E4-BA0F-D8839CFDD26E}.Debug|x86.ActiveCfg = Debug|Win32
		{8E9504EB-FDAC-43E4-BA0F-D8839CFDD26E}.Debug|x86.Build.0 = Debug|Win32
		{8E9504EB-FDAC-43E4-BA0F-D8839CFDD26E}.Release|x64.ActiveCfg = Release|x64
		{8E9504EB-FDAC-43E4-BA0F-D8839CFDD26E}.Release|x64.Build.0 = Release|x64
		{8E9504EB-FDAC-43E4-BA0F-D8839CFDD26E}.Release|x86.ActiveCfg = Release|Win32
		{8E9504EB-FDAC-43E4-BA0F-D8839CFDD26E}.Release|x86.Build.0 = Release|Win32
		{79D6D9F4-DBB2-4588-A755-18DD75A57BF8}.Debug|x64.ActiveCfg = Debug|x64
		{79D6D9F4-DBB2-4588-A755-18DD75A57BF8}.Debug|x64.Build.0 = Debug|x64
		{79D6D9F4-DBB2-4588-A755-18DD75A57BF8}.Debug|x86.ActiveCfg = Debug|Win32
		{79D6D9F4-DBB2-4588-A755-18DD75A57BF8}.Debug|x86.Build.0 = Debug|Win32
		{79D6D9F4-DBB2-4588-A755-18DD75A57BF8}.Release|x64.ActiveCfg = Release|x64
		{79D6D9F4-DBB2-4588-A755-18DD75A57BF8}.Release|x64.Build.0 = Release|x64
		{79D6D9F4-DBB2-4588-A755-18DD75A57BF8}.Release|x86.ActiveCfg = Release|Win32
		{79D6D9F4-DBB2-4588-A755-18DD75A57BF8}.Release|x86.Build.0 = Release|Win32
		{9B123F09-9E57-4726-B2BB-7FA203280C3D}.Debug|x64.ActiveCfg = Debug|x64
		{9B123F09-9E57-4726-B2BB-7FA203280C3D}.Debug|x64.Build.0 = Debug|x64
		{9B123F09-9E57-4726-B2BB-7FA203280C3D}.Debug|x86.ActiveCfg = Debug|Win32
		{9B123F09-9E57-4726-B2BB-7FA203280C3D}.Debug|x86.Build.0 = Debug|Win32
		{9B123F09-9E57-4726-B2BB-7FA203280C3D}.Release|x64.ActiveCfg = Release|x64
		{9B123F09-9E57-4726-B2BB-7FA203280C3D}.Release|x64.Build.0 = Release|x64
		{9B123F09-9E57-4726-B2BB-7FA203280C3D}.Release|x86.ActiveCfg = Release|Win32
		{9B123F09-9E57-4726-B2BB-7FA203280C3D}.Release|x86.Build.0 = Release|Win32
		{E70D3CE8-57CC-467B-AAF1-B45765E93B99}.Debug|x64.ActiveCfg = Debug|x64
		{E70D3CE8-57CC-467B-AAF1-B45765E93B99}.Debug|x64.Build.0 = Debug|x64
		{E70D3CE8-57CC-467B-AAF1-B45765E93B99}.Debug|x86.ActiveCfg = Debug|Win32
		{E70D3CE8-57CC-467B-AAF1-B45765E93B99}.Debug|x86.Build.0 = Debug|Win32
		{E70D3CE8-57CC-467B-AAF1-B45765E93B99}.Release|x64.ActiveCfg = Release|x64
		{E70D3CE8-57CC-467B-AAF1-B45765E93B99}.Release|x64.Build.0 = Release|x64
		{E70D3CE8-57CC-467B-AAF1-B45765E93B99}.Release|x86.ActiveCfg = Release|Win32
		{E70D3CE8-57CC-467B-AAF1-B45765E93B99}.Release|x86.Build.0 = Release|Win32
		{A2B8C38A-A2D9-41E6-9A0E-120E68993A3A}.Debug|x64.ActiveCfg = Debug|x64
		{A2B8C38A-A2D9-41E6-9A0E-120E68993A3A}.Debug|x64.Build.0 = Debug|x64
		{A2B8C38A-A2D9-41E6-9A0E-120E68993A3A}.Debug|x86.ActiveCfg = Debug|Win32
		{A2B8C38A-A2D9-41E6-9A0E-120E68993A3A}.Debug|x86.Build.0 = Debug|Win32
		{A2B8C38A-A2D9-41E6-9A0E-120E68993A3A}.Release|x64.ActiveCfg = Release|x64
		{A2B8C38A-A2D9-41E6-9A0E-120E68993A3A}.Release|x64.Build.0 = Release|x64
		{A2B8C38A-A2D9-41E6-9A0E-120E68993A3A}.Release|x86.ActiveCfg = Release|Win32
		{A2B8C38A-A2D9-41E6-9A0E-120E68993A3A}.Release|x86.Build.0 = Release|Win32
		{DB474603-ECEB-4476-B6DB-246B364CA662}.Debug|x64.ActiveCfg = Debug|x64
		{DB474603-ECEB-4476-B6DB-246B364CA662}.Debug|x64.Build.0 = Debug|x64
		{DB474603-ECEB-4476-B6DB-246B364CA662}.Debug|x86.ActiveCfg = Debug|Win32
		{DB474603-ECEB-4476-B6DB-246B364CA662}.Debug|x86.Build.0 = Debug|Win32
		{DB474603-ECEB-4476-B6DB-246B364CA662}.Release|x64.ActiveCfg = Release|x64
		{DB474603-ECEB-4476-B6DB-246B364CA662}.Release|x64.Build.0 = Release|x64
		{DB474603-ECEB-4476-B6DB-246B364CA662}.Release|x86.ActiveCfg = Release|Win32
		{DB474603-ECEB-4476-B6DB-246B364CA662}.Release|x86.Build.0 = Release|Win32
		{9EF51DE0-2D94-435E-B51E-0F5188A263DE}.Debug|x64.ActiveCfg = Debug|x64
		{9EF51DE0-2D94-435E-B51E-0F5188A263DE}.Debug|x64.Build.0 = Debug|x64
		{9EF51DE0-2D94-435E-B51E-0F5188A263DE}.Debug|x86.ActiveCfg = Debug|Win32
		{9EF51DE0-2D94-435E-B51E-0F5188A263DE}.Debug|x86.Build.0 = Debug|Win32
		{9EF51DE0-2D94-435E-B51E-0F5188A263DE}.Release|x64.ActiveCfg = Release|x64
		{9EF51DE0-2D94-435E-B51E-0F5188A263DE}.Release|x64.Build.0 = Release|x64
		{9EF51DE0-2D94-435E-B51E-0F5188A263DE}.Release|x86.ActiveCfg = Release|Win32
		{9EF51DE0-2D94-435E-B51E-0F5188A263DE}.Release|x86.Build.0 = Release|Win32
		{4612680A-95E5-43C0-8789-2D7C37E7133C}.Debug|x64.ActiveCfg = Debug|x64
		{4612680A-95E5-43C0-8789-2D7C37E7133C}.Debug|x64.Build.0 = Debug|x64
		{4612680A-95E5-43C0-8789-2D7C37E7133C}.Debug|x86.ActiveCfg = Debug|Win32
		{4612680A-95E5-43C0-8789-2D7C37E7133C}.Debug|x86.Build.0 = Debug|Win32
		{4612680A-95E5-43C0-8789-2D7C37E7133C}.Release|x64.ActiveCfg = Release|x64
		{4612680A-95E5-43C0-8789-2D7C37E7133C}.Release|x64.Build.0 = Release|x64
		{4612680A-95E5-43C0-8789-2D7C37E7133C}.Release|x86.ActiveCfg = Release|Win32
		{4612680A-95E5-43C0-8789-2D7C37E7133C}.Release|x86.Build.0 = Release|Win32
		{F1985E62-1C07-4E61-A731-87958FE72340}.Debug|x64.ActiveCfg = Debug|x64
		{F1985E62-1C07-4E61-A731-87958FE72340}.Debug|x64.Build.0 = Debug|x64
		{F1985E62-1C07-4E61-A731-87958FE72340}.Debug|x86.ActiveCfg = Debug|Win32
		{F1985E62-1C07-4E61-A731-87958FE72340}.Debug|x86.Build.0 = Debug|Win32
		{F1985E62-1C07-4E61-A731-87958FE72340}.Release|x64.ActiveCfg = Release|x64
		{F1985E62-1C07-4E61-A731-87958FE72340}.Release|x64.Build.0 = Release|x64
		{F1985E62-1C07-4E61-A731-87958FE72340}.Release|x86.ActiveCfg = Release|Win32
		{F1985E62-1C07-4E61-A731-87958FE72340}.Release|x86.Build.0 = Release|Win32
	EndGlobalSection
	GlobalSection(SolutionProperties) = preSolution
		HideSolutionNode = FALSE
	EndGlobalSection
	GlobalSection(ExtensibilityGlobals) = postSolution
		SolutionGuid = {58BBB58E-8418-46E8-A37E-B2B345DCE73F}
	EndGlobalSection
EndGlobal
