
Microsoft Visual Studio Solution File, Format Version 12.00
# Visual Studio 15
VisualStudioVersion = 15.0.27130.2010
MinimumVisualStudioVersion = 10.0.40219.1
Project("{8BC9CEB8-8B4A-11D0-8D11-00A0C91BC942}") = "SimpleAddOne", "part1_chapter03\part1_chapter03.vcxproj", "{D2F97A77-C0EB-49B7-8B51-5738FB0CE98F}"
EndProject
Project("{8BC9CEB8-8B4A-11D0-8D11-00A0C91BC942}") = "VarDeclAndInit.c", "VarDeclAndInit.c\VarDeclAndInit.c.vcxproj", "{710E4D34-30A7-4E95-A921-A21D7409CD9C}"
EndProject
Project("{8BC9CEB8-8B4A-11D0-8D11-00A0C91BC942}") = "SimpleAddTwo.c", "SimpleAddTwo.c\SimpleAddTwo.c.vcxproj", "{0B0F7A9F-32EA-433F-BFC0-60C166F2653B}"
EndProject
Project("{8BC9CEB8-8B4A-11D0-8D11-00A0C91BC942}") = "OperatorOne", "OperatorOne\OperatorOne.vcxproj", "{1695AE35-116C-4F20-86AF-46535E14781F}"
EndProject
Project("{8BC9CEB8-8B4A-11D0-8D11-00A0C91BC942}") = "OperatorTwo", "OperatorTwo\OperatorTwo.vcxproj", "{FA302FC7-CBBB-4751-8F50-A925959C6918}"
EndProject
Project("{8BC9CEB8-8B4A-11D0-8D11-00A0C91BC942}") = "OperatorThree", "OperatorThree\OperatorThree.vcxproj", "{D32A0D8D-2234-42B1-A9B5-257BF08D4963}"
EndProject
Project("{8BC9CEB8-8B4A-11D0-8D11-00A0C91BC942}") = "OperatorFour", "OperatorFour\OperatorFour.vcxproj", "{CB5D3B28-861F-4BC2-AF22-D2A63B30A350}"
EndProject
Project("{8BC9CEB8-8B4A-11D0-8D11-00A0C91BC942}") = "OperatorFive", "OperatorFive\OperatorFive.vcxproj", "{65EFC7B5-6579-4BA1-AED2-4D157B086F1D}"
EndProject
Project("{8BC9CEB8-8B4A-11D0-8D11-00A0C91BC942}") = "OperatorSix", "OperatorSix\OperatorSix.vcxproj", "{68FB0A6D-33CB-4BBC-9DB8-995984B03620}"
EndProject
Project("{8BC9CEB8-8B4A-11D0-8D11-00A0C91BC942}") = "OperatorSeven", "OperatorSeven\OperatorSeven.vcxproj", "{456673FE-E9B5-4C8D-B42F-B066B7D34DDF}"
EndProject
Project("{8BC9CEB8-8B4A-11D0-8D11-00A0C91BC942}") = "CommaOp", "CommaOp\CommaOp.vcxproj", "{20A6DB71-C6D9-4C10-B338-BB20B43984F7}"
EndProject
Project("{8BC9CEB8-8B4A-11D0-8D11-00A0C91BC942}") = "SimpleAddThree", "SimpleAddThree\SimpleAddThree.vcxproj", "{3B913EC7-A9BF-47A2-AD0E-9DB84B54875A}"
EndProject
Project("{8BC9CEB8-8B4A-11D0-8D11-00A0C91BC942}") = "SimpleAddFour", "SimpleAddFour\SimpleAddFour.vcxproj", "{8B79B3D8-6F73-4E78-8F78-BB63EED692A7}"
EndProject
Project("{8BC9CEB8-8B4A-11D0-8D11-00A0C91BC942}") = "P74_Question03-1", "P75_Question03-1\P75_Question03-1.vcxproj", "{28194132-7C67-4E6B-89CB-75A5907F286D}"
EndProject
Global
	GlobalSection(SolutionConfigurationPlatforms) = preSolution
		Debug|x64 = Debug|x64
		Debug|x86 = Debug|x86
		Release|x64 = Release|x64
		Release|x86 = Release|x86
	EndGlobalSection
	GlobalSection(ProjectConfigurationPlatforms) = postSolution
		{D2F97A77-C0EB-49B7-8B51-5738FB0CE98F}.Debug|x64.ActiveCfg = Debug|x64
		{D2F97A77-C0EB-49B7-8B51-5738FB0CE98F}.Debug|x64.Build.0 = Debug|x64
		{D2F97A77-C0EB-49B7-8B51-5738FB0CE98F}.Debug|x86.ActiveCfg = Debug|Win32
		{D2F97A77-C0EB-49B7-8B51-5738FB0CE98F}.Debug|x86.Build.0 = Debug|Win32
		{D2F97A77-C0EB-49B7-8B51-5738FB0CE98F}.Release|x64.ActiveCfg = Release|x64
		{D2F97A77-C0EB-49B7-8B51-5738FB0CE98F}.Release|x64.Build.0 = Release|x64
		{D2F97A77-C0EB-49B7-8B51-5738FB0CE98F}.Release|x86.ActiveCfg = Release|Win32
		{D2F97A77-C0EB-49B7-8B51-5738FB0CE98F}.Release|x86.Build.0 = Release|Win32
		{710E4D34-30A7-4E95-A921-A21D7409CD9C}.Debug|x64.ActiveCfg = Debug|x64
		{710E4D34-30A7-4E95-A921-A21D7409CD9C}.Debug|x64.Build.0 = Debug|x64
		{710E4D34-30A7-4E95-A921-A21D7409CD9C}.Debug|x86.ActiveCfg = Debug|Win32
		{710E4D34-30A7-4E95-A921-A21D7409CD9C}.Debug|x86.Build.0 = Debug|Win32
		{710E4D34-30A7-4E95-A921-A21D7409CD9C}.Release|x64.ActiveCfg = Release|x64
		{710E4D34-30A7-4E95-A921-A21D7409CD9C}.Release|x64.Build.0 = Release|x64
		{710E4D34-30A7-4E95-A921-A21D7409CD9C}.Release|x86.ActiveCfg = Release|Win32
		{710E4D34-30A7-4E95-A921-A21D7409CD9C}.Release|x86.Build.0 = Release|Win32
		{0B0F7A9F-32EA-433F-BFC0-60C166F2653B}.Debug|x64.ActiveCfg = Debug|x64
		{0B0F7A9F-32EA-433F-BFC0-60C166F2653B}.Debug|x64.Build.0 = Debug|x64
		{0B0F7A9F-32EA-433F-BFC0-60C166F2653B}.Debug|x86.ActiveCfg = Debug|Win32
		{0B0F7A9F-32EA-433F-BFC0-60C166F2653B}.Debug|x86.Build.0 = Debug|Win32
		{0B0F7A9F-32EA-433F-BFC0-60C166F2653B}.Release|x64.ActiveCfg = Release|x64
		{0B0F7A9F-32EA-433F-BFC0-60C166F2653B}.Release|x64.Build.0 = Release|x64
		{0B0F7A9F-32EA-433F-BFC0-60C166F2653B}.Release|x86.ActiveCfg = Release|Win32
		{0B0F7A9F-32EA-433F-BFC0-60C166F2653B}.Release|x86.Build.0 = Release|Win32
		{1695AE35-116C-4F20-86AF-46535E14781F}.Debug|x64.ActiveCfg = Debug|x64
		{1695AE35-116C-4F20-86AF-46535E14781F}.Debug|x64.Build.0 = Debug|x64
		{1695AE35-116C-4F20-86AF-46535E14781F}.Debug|x86.ActiveCfg = Debug|Win32
		{1695AE35-116C-4F20-86AF-46535E14781F}.Debug|x86.Build.0 = Debug|Win32
		{1695AE35-116C-4F20-86AF-46535E14781F}.Release|x64.ActiveCfg = Release|x64
		{1695AE35-116C-4F20-86AF-46535E14781F}.Release|x64.Build.0 = Release|x64
		{1695AE35-116C-4F20-86AF-46535E14781F}.Release|x86.ActiveCfg = Release|Win32
		{1695AE35-116C-4F20-86AF-46535E14781F}.Release|x86.Build.0 = Release|Win32
		{FA302FC7-CBBB-4751-8F50-A925959C6918}.Debug|x64.ActiveCfg = Debug|x64
		{FA302FC7-CBBB-4751-8F50-A925959C6918}.Debug|x64.Build.0 = Debug|x64
		{FA302FC7-CBBB-4751-8F50-A925959C6918}.Debug|x86.ActiveCfg = Debug|Win32
		{FA302FC7-CBBB-4751-8F50-A925959C6918}.Debug|x86.Build.0 = Debug|Win32
		{FA302FC7-CBBB-4751-8F50-A925959C6918}.Release|x64.ActiveCfg = Release|x64
		{FA302FC7-CBBB-4751-8F50-A925959C6918}.Release|x64.Build.0 = Release|x64
		{FA302FC7-CBBB-4751-8F50-A925959C6918}.Release|x86.ActiveCfg = Release|Win32
		{FA302FC7-CBBB-4751-8F50-A925959C6918}.Release|x86.Build.0 = Release|Win32
		{D32A0D8D-2234-42B1-A9B5-257BF08D4963}.Debug|x64.ActiveCfg = Debug|x64
		{D32A0D8D-2234-42B1-A9B5-257BF08D4963}.Debug|x64.Build.0 = Debug|x64
		{D32A0D8D-2234-42B1-A9B5-257BF08D4963}.Debug|x86.ActiveCfg = Debug|Win32
		{D32A0D8D-2234-42B1-A9B5-257BF08D4963}.Debug|x86.Build.0 = Debug|Win32
		{D32A0D8D-2234-42B1-A9B5-257BF08D4963}.Release|x64.ActiveCfg = Release|x64
		{D32A0D8D-2234-42B1-A9B5-257BF08D4963}.Release|x64.Build.0 = Release|x64
		{D32A0D8D-2234-42B1-A9B5-257BF08D4963}.Release|x86.ActiveCfg = Release|Win32
		{D32A0D8D-2234-42B1-A9B5-257BF08D4963}.Release|x86.Build.0 = Release|Win32
		{CB5D3B28-861F-4BC2-AF22-D2A63B30A350}.Debug|x64.ActiveCfg = Debug|x64
		{CB5D3B28-861F-4BC2-AF22-D2A63B30A350}.Debug|x64.Build.0 = Debug|x64
		{CB5D3B28-861F-4BC2-AF22-D2A63B30A350}.Debug|x86.ActiveCfg = Debug|Win32
		{CB5D3B28-861F-4BC2-AF22-D2A63B30A350}.Debug|x86.Build.0 = Debug|Win32
		{CB5D3B28-861F-4BC2-AF22-D2A63B30A350}.Release|x64.ActiveCfg = Release|x64
		{CB5D3B28-861F-4BC2-AF22-D2A63B30A350}.Release|x64.Build.0 = Release|x64
		{CB5D3B28-861F-4BC2-AF22-D2A63B30A350}.Release|x86.ActiveCfg = Release|Win32
		{CB5D3B28-861F-4BC2-AF22-D2A63B30A350}.Release|x86.Build.0 = Release|Win32
		{65EFC7B5-6579-4BA1-AED2-4D157B086F1D}.Debug|x64.ActiveCfg = Debug|x64
		{65EFC7B5-6579-4BA1-AED2-4D157B086F1D}.Debug|x64.Build.0 = Debug|x64
		{65EFC7B5-6579-4BA1-AED2-4D157B086F1D}.Debug|x86.ActiveCfg = Debug|Win32
		{65EFC7B5-6579-4BA1-AED2-4D157B086F1D}.Debug|x86.Build.0 = Debug|Win32
		{65EFC7B5-6579-4BA1-AED2-4D157B086F1D}.Release|x64.ActiveCfg = Release|x64
		{65EFC7B5-6579-4BA1-AED2-4D157B086F1D}.Release|x64.Build.0 = Release|x64
		{65EFC7B5-6579-4BA1-AED2-4D157B086F1D}.Release|x86.ActiveCfg = Release|Win32
		{65EFC7B5-6579-4BA1-AED2-4D157B086F1D}.Release|x86.Build.0 = Release|Win32
		{68FB0A6D-33CB-4BBC-9DB8-995984B03620}.Debug|x64.ActiveCfg = Debug|x64
		{68FB0A6D-33CB-4BBC-9DB8-995984B03620}.Debug|x64.Build.0 = Debug|x64
		{68FB0A6D-33CB-4BBC-9DB8-995984B03620}.Debug|x86.ActiveCfg = Debug|Win32
		{68FB0A6D-33CB-4BBC-9DB8-995984B03620}.Debug|x86.Build.0 = Debug|Win32
		{68FB0A6D-33CB-4BBC-9DB8-995984B03620}.Release|x64.ActiveCfg = Release|x64
		{68FB0A6D-33CB-4BBC-9DB8-995984B03620}.Release|x64.Build.0 = Release|x64
		{68FB0A6D-33CB-4BBC-9DB8-995984B03620}.Release|x86.ActiveCfg = Release|Win32
		{68FB0A6D-33CB-4BBC-9DB8-995984B03620}.Release|x86.Build.0 = Release|Win32
		{456673FE-E9B5-4C8D-B42F-B066B7D34DDF}.Debug|x64.ActiveCfg = Debug|x64
		{456673FE-E9B5-4C8D-B42F-B066B7D34DDF}.Debug|x64.Build.0 = Debug|x64
		{456673FE-E9B5-4C8D-B42F-B066B7D34DDF}.Debug|x86.ActiveCfg = Debug|Win32
		{456673FE-E9B5-4C8D-B42F-B066B7D34DDF}.Debug|x86.Build.0 = Debug|Win32
		{456673FE-E9B5-4C8D-B42F-B066B7D34DDF}.Release|x64.ActiveCfg = Release|x64
		{456673FE-E9B5-4C8D-B42F-B066B7D34DDF}.Release|x64.Build.0 = Release|x64
		{456673FE-E9B5-4C8D-B42F-B066B7D34DDF}.Release|x86.ActiveCfg = Release|Win32
		{456673FE-E9B5-4C8D-B42F-B066B7D34DDF}.Release|x86.Build.0 = Release|Win32
		{20A6DB71-C6D9-4C10-B338-BB20B43984F7}.Debug|x64.ActiveCfg = Debug|x64
		{20A6DB71-C6D9-4C10-B338-BB20B43984F7}.Debug|x64.Build.0 = Debug|x64
		{20A6DB71-C6D9-4C10-B338-BB20B43984F7}.Debug|x86.ActiveCfg = Debug|Win32
		{20A6DB71-C6D9-4C10-B338-BB20B43984F7}.Debug|x86.Build.0 = Debug|Win32
		{20A6DB71-C6D9-4C10-B338-BB20B43984F7}.Release|x64.ActiveCfg = Release|x64
		{20A6DB71-C6D9-4C10-B338-BB20B43984F7}.Release|x64.Build.0 = Release|x64
		{20A6DB71-C6D9-4C10-B338-BB20B43984F7}.Release|x86.ActiveCfg = Release|Win32
		{20A6DB71-C6D9-4C10-B338-BB20B43984F7}.Release|x86.Build.0 = Release|Win32
		{3B913EC7-A9BF-47A2-AD0E-9DB84B54875A}.Debug|x64.ActiveCfg = Debug|x64
		{3B913EC7-A9BF-47A2-AD0E-9DB84B54875A}.Debug|x64.Build.0 = Debug|x64
		{3B913EC7-A9BF-47A2-AD0E-9DB84B54875A}.Debug|x86.ActiveCfg = Debug|Win32
		{3B913EC7-A9BF-47A2-AD0E-9DB84B54875A}.Debug|x86.Build.0 = Debug|Win32
		{3B913EC7-A9BF-47A2-AD0E-9DB84B54875A}.Release|x64.ActiveCfg = Release|x64
		{3B913EC7-A9BF-47A2-AD0E-9DB84B54875A}.Release|x64.Build.0 = Release|x64
		{3B913EC7-A9BF-47A2-AD0E-9DB84B54875A}.Release|x86.ActiveCfg = Release|Win32
		{3B913EC7-A9BF-47A2-AD0E-9DB84B54875A}.Release|x86.Build.0 = Release|Win32
		{8B79B3D8-6F73-4E78-8F78-BB63EED692A7}.Debug|x64.ActiveCfg = Debug|x64
		{8B79B3D8-6F73-4E78-8F78-BB63EED692A7}.Debug|x64.Build.0 = Debug|x64
		{8B79B3D8-6F73-4E78-8F78-BB63EED692A7}.Debug|x86.ActiveCfg = Debug|Win32
		{8B79B3D8-6F73-4E78-8F78-BB63EED692A7}.Debug|x86.Build.0 = Debug|Win32
		{8B79B3D8-6F73-4E78-8F78-BB63EED692A7}.Release|x64.ActiveCfg = Release|x64
		{8B79B3D8-6F73-4E78-8F78-BB63EED692A7}.Release|x64.Build.0 = Release|x64
		{8B79B3D8-6F73-4E78-8F78-BB63EED692A7}.Release|x86.ActiveCfg = Release|Win32
		{8B79B3D8-6F73-4E78-8F78-BB63EED692A7}.Release|x86.Build.0 = Release|Win32
		{28194132-7C67-4E6B-89CB-75A5907F286D}.Debug|x64.ActiveCfg = Debug|x64
		{28194132-7C67-4E6B-89CB-75A5907F286D}.Debug|x64.Build.0 = Debug|x64
		{28194132-7C67-4E6B-89CB-75A5907F286D}.Debug|x86.ActiveCfg = Debug|Win32
		{28194132-7C67-4E6B-89CB-75A5907F286D}.Debug|x86.Build.0 = Debug|Win32
		{28194132-7C67-4E6B-89CB-75A5907F286D}.Release|x64.ActiveCfg = Release|x64
		{28194132-7C67-4E6B-89CB-75A5907F286D}.Release|x64.Build.0 = Release|x64
		{28194132-7C67-4E6B-89CB-75A5907F286D}.Release|x86.ActiveCfg = Release|Win32
		{28194132-7C67-4E6B-89CB-75A5907F286D}.Release|x86.Build.0 = Release|Win32
	EndGlobalSection
	GlobalSection(SolutionProperties) = preSolution
		HideSolutionNode = FALSE
	EndGlobalSection
	GlobalSection(ExtensibilityGlobals) = postSolution
		SolutionGuid = {05319B1D-0623-4713-835B-2C781669F555}
	EndGlobalSection
EndGlobal
