
Microsoft Visual Studio Solution File, Format Version 12.00
# Visual Studio 15
VisualStudioVersion = 15.0.27130.2026
MinimumVisualStudioVersion = 10.0.40219.1
Project("{8BC9CEB8-8B4A-11D0-8D11-00A0C91BC942}") = "part2_ch13", "part2_ch13\part2_ch13.vcxproj", "{CC6017B7-5F72-40F1-8433-0D54D7443BCE}"
EndProject
Project("{8BC9CEB8-8B4A-11D0-8D11-00A0C91BC942}") = "ArrayNameType", "ArrayNameType\ArrayNameType.vcxproj", "{70EAA840-0C7B-45D2-AE2F-F5ADC2B10C45}"
EndProject
Project("{8BC9CEB8-8B4A-11D0-8D11-00A0C91BC942}") = "ArrayNamePointerOperation", "ArrayNamePointerOperation\ArrayNamePointerOperation.vcxproj", "{73C43C1B-74F6-4897-B887-55352FAD3E33}"
EndProject
Project("{8BC9CEB8-8B4A-11D0-8D11-00A0C91BC942}") = "ArrayNameIsPointer", "ArrayNameIsPointer\ArrayNameIsPointer.vcxproj", "{2D0446B6-0CED-4CCE-98F5-FD4A4059B2C8}"
EndProject
Project("{8BC9CEB8-8B4A-11D0-8D11-00A0C91BC942}") = "PointerOperationResult", "PointerOperationResult\PointerOperationResult.vcxproj", "{E47A1DDF-C06A-49EF-B83F-EFAC66D36D93}"
EndProject
Project("{8BC9CEB8-8B4A-11D0-8D11-00A0C91BC942}") = "PointerBaseArrayAccess", "PointerBaseArrayAccess\PointerBaseArrayAccess.vcxproj", "{E0AC516C-EC9B-424A-93EB-CEEEE4DCD91D}"
EndProject
Project("{8BC9CEB8-8B4A-11D0-8D11-00A0C91BC942}") = "P299_Questions", "P299_Questions\P299_Questions.vcxproj", "{305FCECF-B402-4FEE-91E7-F24550B37D1A}"
EndProject
Project("{8BC9CEB8-8B4A-11D0-8D11-00A0C91BC942}") = "TwoStringType", "TwoStringType\TwoStringType.vcxproj", "{E55C1316-0900-4CBF-BCD6-3A53D6F3E9FC}"
EndProject
Project("{8BC9CEB8-8B4A-11D0-8D11-00A0C91BC942}") = "PointerArray", "PointerArray\PointerArray.vcxproj", "{B359E4EA-05C6-42EE-9EDF-F8F48D5CFA9B}"
EndProject
Project("{8BC9CEB8-8B4A-11D0-8D11-00A0C91BC942}") = "StringArray", "StringArray\StringArray.vcxproj", "{4621E0C7-0595-47CD-B465-3DB23700B3FC}"
EndProject
Global
	GlobalSection(SolutionConfigurationPlatforms) = preSolution
		Debug|x64 = Debug|x64
		Debug|x86 = Debug|x86
		Release|x64 = Release|x64
		Release|x86 = Release|x86
	EndGlobalSection
	GlobalSection(ProjectConfigurationPlatforms) = postSolution
		{CC6017B7-5F72-40F1-8433-0D54D7443BCE}.Debug|x64.ActiveCfg = Debug|x64
		{CC6017B7-5F72-40F1-8433-0D54D7443BCE}.Debug|x64.Build.0 = Debug|x64
		{CC6017B7-5F72-40F1-8433-0D54D7443BCE}.Debug|x86.ActiveCfg = Debug|Win32
		{CC6017B7-5F72-40F1-8433-0D54D7443BCE}.Debug|x86.Build.0 = Debug|Win32
		{CC6017B7-5F72-40F1-8433-0D54D7443BCE}.Release|x64.ActiveCfg = Release|x64
		{CC6017B7-5F72-40F1-8433-0D54D7443BCE}.Release|x64.Build.0 = Release|x64
		{CC6017B7-5F72-40F1-8433-0D54D7443BCE}.Release|x86.ActiveCfg = Release|Win32
		{CC6017B7-5F72-40F1-8433-0D54D7443BCE}.Release|x86.Build.0 = Release|Win32
		{70EAA840-0C7B-45D2-AE2F-F5ADC2B10C45}.Debug|x64.ActiveCfg = Debug|x64
		{70EAA840-0C7B-45D2-AE2F-F5ADC2B10C45}.Debug|x64.Build.0 = Debug|x64
		{70EAA840-0C7B-45D2-AE2F-F5ADC2B10C45}.Debug|x86.ActiveCfg = Debug|Win32
		{70EAA840-0C7B-45D2-AE2F-F5ADC2B10C45}.Debug|x86.Build.0 = Debug|Win32
		{70EAA840-0C7B-45D2-AE2F-F5ADC2B10C45}.Release|x64.ActiveCfg = Release|x64
		{70EAA840-0C7B-45D2-AE2F-F5ADC2B10C45}.Release|x64.Build.0 = Release|x64
		{70EAA840-0C7B-45D2-AE2F-F5ADC2B10C45}.Release|x86.ActiveCfg = Release|Win32
		{70EAA840-0C7B-45D2-AE2F-F5ADC2B10C45}.Release|x86.Build.0 = Release|Win32
		{73C43C1B-74F6-4897-B887-55352FAD3E33}.Debug|x64.ActiveCfg = Debug|x64
		{73C43C1B-74F6-4897-B887-55352FAD3E33}.Debug|x64.Build.0 = Debug|x64
		{73C43C1B-74F6-4897-B887-55352FAD3E33}.Debug|x86.ActiveCfg = Debug|Win32
		{73C43C1B-74F6-4897-B887-55352FAD3E33}.Debug|x86.Build.0 = Debug|Win32
		{73C43C1B-74F6-4897-B887-55352FAD3E33}.Release|x64.ActiveCfg = Release|x64
		{73C43C1B-74F6-4897-B887-55352FAD3E33}.Release|x64.Build.0 = Release|x64
		{73C43C1B-74F6-4897-B887-55352FAD3E33}.Release|x86.ActiveCfg = Release|Win32
		{73C43C1B-74F6-4897-B887-55352FAD3E33}.Release|x86.Build.0 = Release|Win32
		{2D0446B6-0CED-4CCE-98F5-FD4A4059B2C8}.Debug|x64.ActiveCfg = Debug|x64
		{2D0446B6-0CED-4CCE-98F5-FD4A4059B2C8}.Debug|x64.Build.0 = Debug|x64
		{2D0446B6-0CED-4CCE-98F5-FD4A4059B2C8}.Debug|x86.ActiveCfg = Debug|Win32
		{2D0446B6-0CED-4CCE-98F5-FD4A4059B2C8}.Debug|x86.Build.0 = Debug|Win32
		{2D0446B6-0CED-4CCE-98F5-FD4A4059B2C8}.Release|x64.ActiveCfg = Release|x64
		{2D0446B6-0CED-4CCE-98F5-FD4A4059B2C8}.Release|x64.Build.0 = Release|x64
		{2D0446B6-0CED-4CCE-98F5-FD4A4059B2C8}.Release|x86.ActiveCfg = Release|Win32
		{2D0446B6-0CED-4CCE-98F5-FD4A4059B2C8}.Release|x86.Build.0 = Release|Win32
		{E47A1DDF-C06A-49EF-B83F-EFAC66D36D93}.Debug|x64.ActiveCfg = Debug|x64
		{E47A1DDF-C06A-49EF-B83F-EFAC66D36D93}.Debug|x64.Build.0 = Debug|x64
		{E47A1DDF-C06A-49EF-B83F-EFAC66D36D93}.Debug|x86.ActiveCfg = Debug|Win32
		{E47A1DDF-C06A-49EF-B83F-EFAC66D36D93}.Debug|x86.Build.0 = Debug|Win32
		{E47A1DDF-C06A-49EF-B83F-EFAC66D36D93}.Release|x64.ActiveCfg = Release|x64
		{E47A1DDF-C06A-49EF-B83F-EFAC66D36D93}.Release|x64.Build.0 = Release|x64
		{E47A1DDF-C06A-49EF-B83F-EFAC66D36D93}.Release|x86.ActiveCfg = Release|Win32
		{E47A1DDF-C06A-49EF-B83F-EFAC66D36D93}.Release|x86.Build.0 = Release|Win32
		{E0AC516C-EC9B-424A-93EB-CEEEE4DCD91D}.Debug|x64.ActiveCfg = Debug|x64
		{E0AC516C-EC9B-424A-93EB-CEEEE4DCD91D}.Debug|x64.Build.0 = Debug|x64
		{E0AC516C-EC9B-424A-93EB-CEEEE4DCD91D}.Debug|x86.ActiveCfg = Debug|Win32
		{E0AC516C-EC9B-424A-93EB-CEEEE4DCD91D}.Debug|x86.Build.0 = Debug|Win32
		{E0AC516C-EC9B-424A-93EB-CEEEE4DCD91D}.Release|x64.ActiveCfg = Release|x64
		{E0AC516C-EC9B-424A-93EB-CEEEE4DCD91D}.Release|x64.Build.0 = Release|x64
		{E0AC516C-EC9B-424A-93EB-CEEEE4DCD91D}.Release|x86.ActiveCfg = Release|Win32
		{E0AC516C-EC9B-424A-93EB-CEEEE4DCD91D}.Release|x86.Build.0 = Release|Win32
		{305FCECF-B402-4FEE-91E7-F24550B37D1A}.Debug|x64.ActiveCfg = Debug|x64
		{305FCECF-B402-4FEE-91E7-F24550B37D1A}.Debug|x64.Build.0 = Debug|x64
		{305FCECF-B402-4FEE-91E7-F24550B37D1A}.Debug|x86.ActiveCfg = Debug|Win32
		{305FCECF-B402-4FEE-91E7-F24550B37D1A}.Debug|x86.Build.0 = Debug|Win32
		{305FCECF-B402-4FEE-91E7-F24550B37D1A}.Release|x64.ActiveCfg = Release|x64
		{305FCECF-B402-4FEE-91E7-F24550B37D1A}.Release|x64.Build.0 = Release|x64
		{305FCECF-B402-4FEE-91E7-F24550B37D1A}.Release|x86.ActiveCfg = Release|Win32
		{305FCECF-B402-4FEE-91E7-F24550B37D1A}.Release|x86.Build.0 = Release|Win32
		{E55C1316-0900-4CBF-BCD6-3A53D6F3E9FC}.Debug|x64.ActiveCfg = Debug|x64
		{E55C1316-0900-4CBF-BCD6-3A53D6F3E9FC}.Debug|x64.Build.0 = Debug|x64
		{E55C1316-0900-4CBF-BCD6-3A53D6F3E9FC}.Debug|x86.ActiveCfg = Debug|Win32
		{E55C1316-0900-4CBF-BCD6-3A53D6F3E9FC}.Debug|x86.Build.0 = Debug|Win32
		{E55C1316-0900-4CBF-BCD6-3A53D6F3E9FC}.Release|x64.ActiveCfg = Release|x64
		{E55C1316-0900-4CBF-BCD6-3A53D6F3E9FC}.Release|x64.Build.0 = Release|x64
		{E55C1316-0900-4CBF-BCD6-3A53D6F3E9FC}.Release|x86.ActiveCfg = Release|Win32
		{E55C1316-0900-4CBF-BCD6-3A53D6F3E9FC}.Release|x86.Build.0 = Release|Win32
		{B359E4EA-05C6-42EE-9EDF-F8F48D5CFA9B}.Debug|x64.ActiveCfg = Debug|x64
		{B359E4EA-05C6-42EE-9EDF-F8F48D5CFA9B}.Debug|x64.Build.0 = Debug|x64
		{B359E4EA-05C6-42EE-9EDF-F8F48D5CFA9B}.Debug|x86.ActiveCfg = Debug|Win32
		{B359E4EA-05C6-42EE-9EDF-F8F48D5CFA9B}.Debug|x86.Build.0 = Debug|Win32
		{B359E4EA-05C6-42EE-9EDF-F8F48D5CFA9B}.Release|x64.ActiveCfg = Release|x64
		{B359E4EA-05C6-42EE-9EDF-F8F48D5CFA9B}.Release|x64.Build.0 = Release|x64
		{B359E4EA-05C6-42EE-9EDF-F8F48D5CFA9B}.Release|x86.ActiveCfg = Release|Win32
		{B359E4EA-05C6-42EE-9EDF-F8F48D5CFA9B}.Release|x86.Build.0 = Release|Win32
		{4621E0C7-0595-47CD-B465-3DB23700B3FC}.Debug|x64.ActiveCfg = Debug|x64
		{4621E0C7-0595-47CD-B465-3DB23700B3FC}.Debug|x64.Build.0 = Debug|x64
		{4621E0C7-0595-47CD-B465-3DB23700B3FC}.Debug|x86.ActiveCfg = Debug|Win32
		{4621E0C7-0595-47CD-B465-3DB23700B3FC}.Debug|x86.Build.0 = Debug|Win32
		{4621E0C7-0595-47CD-B465-3DB23700B3FC}.Release|x64.ActiveCfg = Release|x64
		{4621E0C7-0595-47CD-B465-3DB23700B3FC}.Release|x64.Build.0 = Release|x64
		{4621E0C7-0595-47CD-B465-3DB23700B3FC}.Release|x86.ActiveCfg = Release|Win32
		{4621E0C7-0595-47CD-B465-3DB23700B3FC}.Release|x86.Build.0 = Release|Win32
	EndGlobalSection
	GlobalSection(SolutionProperties) = preSolution
		HideSolutionNode = FALSE
	EndGlobalSection
	GlobalSection(ExtensibilityGlobals) = postSolution
		SolutionGuid = {849127E8-81A8-4175-9886-44C198D517AA}
	EndGlobalSection
EndGlobal
