
Microsoft Visual Studio Solution File, Format Version 12.00
# Visual Studio 15
VisualStudioVersion = 15.0.27130.2024
MinimumVisualStudioVersion = 10.0.40219.1
Project("{8BC9CEB8-8B4A-11D0-8D11-00A0C91BC942}") = "part1_chapter07", "part1_chapter07\part1_chapter07.vcxproj", "{C24CD3EE-67F0-49E9-B3EE-9276BBE96390}"
EndProject
Project("{8BC9CEB8-8B4A-11D0-8D11-00A0C91BC942}") = "Main_Template", "Main_Template\Main_Template.vcxproj", "{8ACBD4B9-5925-494B-890A-2980409218EF}"
EndProject
Project("{8BC9CEB8-8B4A-11D0-8D11-00A0C91BC942}") = "NineNineDan", "NineNineDan\NineNineDan.vcxproj", "{88D46897-463D-41A4-BF7C-8F7061C1BA09}"
EndProject
Project("{8BC9CEB8-8B4A-11D0-8D11-00A0C91BC942}") = "P155_Questions", "P155_Questions\P155_Questions.vcxproj", "{9C4123C2-EAEE-4DB6-877C-B4D585DA41F5}"
EndProject
Project("{8BC9CEB8-8B4A-11D0-8D11-00A0C91BC942}") = "TwoToNine", "TwoToNine\TwoToNine.vcxproj", "{4BF38E5E-6A9F-4F7A-883D-1A7F670E546C}"
EndProject
Project("{8BC9CEB8-8B4A-11D0-8D11-00A0C91BC942}") = "P157_Questions", "P157_Questions\P157_Questions.vcxproj", "{6D0C42C1-2DF8-44C3-A38E-CB68378BE107}"
EndProject
Project("{8BC9CEB8-8B4A-11D0-8D11-00A0C91BC942}") = "UsefulDoWhile", "UsefulDoWhile\UsefulDoWhile.vcxproj", "{5703D2F5-6472-4197-BD1B-BBBD00982AD7}"
EndProject
Project("{8BC9CEB8-8B4A-11D0-8D11-00A0C91BC942}") = "P161_Questions", "P161_Questions\P161_Questions.vcxproj", "{A84DFFA8-E140-495B-9944-07A4B6051277}"
EndProject
Project("{8BC9CEB8-8B4A-11D0-8D11-00A0C91BC942}") = "AddToNum", "AddToNum\AddToNum.vcxproj", "{AFE62F14-FED5-4045-A0AE-4BA8BED38FB9}"
EndProject
Project("{8BC9CEB8-8B4A-11D0-8D11-00A0C91BC942}") = "RealMean", "RealMean\RealMean.vcxproj", "{98FB520C-D681-4AD1-AB52-A7A29BCFC19C}"
EndProject
Project("{8BC9CEB8-8B4A-11D0-8D11-00A0C91BC942}") = "P167_Question", "P167_Question\P167_Question.vcxproj", "{C488A847-DF45-4262-BBB9-BBD941A71486}"
EndProject
Global
	GlobalSection(SolutionConfigurationPlatforms) = preSolution
		Debug|x64 = Debug|x64
		Debug|x86 = Debug|x86
		Release|x64 = Release|x64
		Release|x86 = Release|x86
	EndGlobalSection
	GlobalSection(ProjectConfigurationPlatforms) = postSolution
		{C24CD3EE-67F0-49E9-B3EE-9276BBE96390}.Debug|x64.ActiveCfg = Debug|x64
		{C24CD3EE-67F0-49E9-B3EE-9276BBE96390}.Debug|x64.Build.0 = Debug|x64
		{C24CD3EE-67F0-49E9-B3EE-9276BBE96390}.Debug|x86.ActiveCfg = Debug|Win32
		{C24CD3EE-67F0-49E9-B3EE-9276BBE96390}.Debug|x86.Build.0 = Debug|Win32
		{C24CD3EE-67F0-49E9-B3EE-9276BBE96390}.Release|x64.ActiveCfg = Release|x64
		{C24CD3EE-67F0-49E9-B3EE-9276BBE96390}.Release|x64.Build.0 = Release|x64
		{C24CD3EE-67F0-49E9-B3EE-9276BBE96390}.Release|x86.ActiveCfg = Release|Win32
		{C24CD3EE-67F0-49E9-B3EE-9276BBE96390}.Release|x86.Build.0 = Release|Win32
		{8ACBD4B9-5925-494B-890A-2980409218EF}.Debug|x64.ActiveCfg = Debug|x64
		{8ACBD4B9-5925-494B-890A-2980409218EF}.Debug|x64.Build.0 = Debug|x64
		{8ACBD4B9-5925-494B-890A-2980409218EF}.Debug|x86.ActiveCfg = Debug|Win32
		{8ACBD4B9-5925-494B-890A-2980409218EF}.Debug|x86.Build.0 = Debug|Win32
		{8ACBD4B9-5925-494B-890A-2980409218EF}.Release|x64.ActiveCfg = Release|x64
		{8ACBD4B9-5925-494B-890A-2980409218EF}.Release|x64.Build.0 = Release|x64
		{8ACBD4B9-5925-494B-890A-2980409218EF}.Release|x86.ActiveCfg = Release|Win32
		{8ACBD4B9-5925-494B-890A-2980409218EF}.Release|x86.Build.0 = Release|Win32
		{88D46897-463D-41A4-BF7C-8F7061C1BA09}.Debug|x64.ActiveCfg = Debug|x64
		{88D46897-463D-41A4-BF7C-8F7061C1BA09}.Debug|x64.Build.0 = Debug|x64
		{88D46897-463D-41A4-BF7C-8F7061C1BA09}.Debug|x86.ActiveCfg = Debug|Win32
		{88D46897-463D-41A4-BF7C-8F7061C1BA09}.Debug|x86.Build.0 = Debug|Win32
		{88D46897-463D-41A4-BF7C-8F7061C1BA09}.Release|x64.ActiveCfg = Release|x64
		{88D46897-463D-41A4-BF7C-8F7061C1BA09}.Release|x64.Build.0 = Release|x64
		{88D46897-463D-41A4-BF7C-8F7061C1BA09}.Release|x86.ActiveCfg = Release|Win32
		{88D46897-463D-41A4-BF7C-8F7061C1BA09}.Release|x86.Build.0 = Release|Win32
		{9C4123C2-EAEE-4DB6-877C-B4D585DA41F5}.Debug|x64.ActiveCfg = Debug|x64
		{9C4123C2-EAEE-4DB6-877C-B4D585DA41F5}.Debug|x64.Build.0 = Debug|x64
		{9C4123C2-EAEE-4DB6-877C-B4D585DA41F5}.Debug|x86.ActiveCfg = Debug|Win32
		{9C4123C2-EAEE-4DB6-877C-B4D585DA41F5}.Debug|x86.Build.0 = Debug|Win32
		{9C4123C2-EAEE-4DB6-877C-B4D585DA41F5}.Release|x64.ActiveCfg = Release|x64
		{9C4123C2-EAEE-4DB6-877C-B4D585DA41F5}.Release|x64.Build.0 = Release|x64
		{9C4123C2-EAEE-4DB6-877C-B4D585DA41F5}.Release|x86.ActiveCfg = Release|Win32
		{9C4123C2-EAEE-4DB6-877C-B4D585DA41F5}.Release|x86.Build.0 = Release|Win32
		{4BF38E5E-6A9F-4F7A-883D-1A7F670E546C}.Debug|x64.ActiveCfg = Debug|x64
		{4BF38E5E-6A9F-4F7A-883D-1A7F670E546C}.Debug|x64.Build.0 = Debug|x64
		{4BF38E5E-6A9F-4F7A-883D-1A7F670E546C}.Debug|x86.ActiveCfg = Debug|Win32
		{4BF38E5E-6A9F-4F7A-883D-1A7F670E546C}.Debug|x86.Build.0 = Debug|Win32
		{4BF38E5E-6A9F-4F7A-883D-1A7F670E546C}.Release|x64.ActiveCfg = Release|x64
		{4BF38E5E-6A9F-4F7A-883D-1A7F670E546C}.Release|x64.Build.0 = Release|x64
		{4BF38E5E-6A9F-4F7A-883D-1A7F670E546C}.Release|x86.ActiveCfg = Release|Win32
		{4BF38E5E-6A9F-4F7A-883D-1A7F670E546C}.Release|x86.Build.0 = Release|Win32
		{6D0C42C1-2DF8-44C3-A38E-CB68378BE107}.Debug|x64.ActiveCfg = Debug|x64
		{6D0C42C1-2DF8-44C3-A38E-CB68378BE107}.Debug|x64.Build.0 = Debug|x64
		{6D0C42C1-2DF8-44C3-A38E-CB68378BE107}.Debug|x86.ActiveCfg = Debug|Win32
		{6D0C42C1-2DF8-44C3-A38E-CB68378BE107}.Debug|x86.Build.0 = Debug|Win32
		{6D0C42C1-2DF8-44C3-A38E-CB68378BE107}.Release|x64.ActiveCfg = Release|x64
		{6D0C42C1-2DF8-44C3-A38E-CB68378BE107}.Release|x64.Build.0 = Release|x64
		{6D0C42C1-2DF8-44C3-A38E-CB68378BE107}.Release|x86.ActiveCfg = Release|Win32
		{6D0C42C1-2DF8-44C3-A38E-CB68378BE107}.Release|x86.Build.0 = Release|Win32
		{5703D2F5-6472-4197-BD1B-BBBD00982AD7}.Debug|x64.ActiveCfg = Debug|x64
		{5703D2F5-6472-4197-BD1B-BBBD00982AD7}.Debug|x64.Build.0 = Debug|x64
		{5703D2F5-6472-4197-BD1B-BBBD00982AD7}.Debug|x86.ActiveCfg = Debug|Win32
		{5703D2F5-6472-4197-BD1B-BBBD00982AD7}.Debug|x86.Build.0 = Debug|Win32
		{5703D2F5-6472-4197-BD1B-BBBD00982AD7}.Release|x64.ActiveCfg = Release|x64
		{5703D2F5-6472-4197-BD1B-BBBD00982AD7}.Release|x64.Build.0 = Release|x64
		{5703D2F5-6472-4197-BD1B-BBBD00982AD7}.Release|x86.ActiveCfg = Release|Win32
		{5703D2F5-6472-4197-BD1B-BBBD00982AD7}.Release|x86.Build.0 = Release|Win32
		{A84DFFA8-E140-495B-9944-07A4B6051277}.Debug|x64.ActiveCfg = Debug|x64
		{A84DFFA8-E140-495B-9944-07A4B6051277}.Debug|x64.Build.0 = Debug|x64
		{A84DFFA8-E140-495B-9944-07A4B6051277}.Debug|x86.ActiveCfg = Debug|Win32
		{A84DFFA8-E140-495B-9944-07A4B6051277}.Debug|x86.Build.0 = Debug|Win32
		{A84DFFA8-E140-495B-9944-07A4B6051277}.Release|x64.ActiveCfg = Release|x64
		{A84DFFA8-E140-495B-9944-07A4B6051277}.Release|x64.Build.0 = Release|x64
		{A84DFFA8-E140-495B-9944-07A4B6051277}.Release|x86.ActiveCfg = Release|Win32
		{A84DFFA8-E140-495B-9944-07A4B6051277}.Release|x86.Build.0 = Release|Win32
		{AFE62F14-FED5-4045-A0AE-4BA8BED38FB9}.Debug|x64.ActiveCfg = Debug|x64
		{AFE62F14-FED5-4045-A0AE-4BA8BED38FB9}.Debug|x64.Build.0 = Debug|x64
		{AFE62F14-FED5-4045-A0AE-4BA8BED38FB9}.Debug|x86.ActiveCfg = Debug|Win32
		{AFE62F14-FED5-4045-A0AE-4BA8BED38FB9}.Debug|x86.Build.0 = Debug|Win32
		{AFE62F14-FED5-4045-A0AE-4BA8BED38FB9}.Release|x64.ActiveCfg = Release|x64
		{AFE62F14-FED5-4045-A0AE-4BA8BED38FB9}.Release|x64.Build.0 = Release|x64
		{AFE62F14-FED5-4045-A0AE-4BA8BED38FB9}.Release|x86.ActiveCfg = Release|Win32
		{AFE62F14-FED5-4045-A0AE-4BA8BED38FB9}.Release|x86.Build.0 = Release|Win32
		{98FB520C-D681-4AD1-AB52-A7A29BCFC19C}.Debug|x64.ActiveCfg = Debug|x64
		{98FB520C-D681-4AD1-AB52-A7A29BCFC19C}.Debug|x64.Build.0 = Debug|x64
		{98FB520C-D681-4AD1-AB52-A7A29BCFC19C}.Debug|x86.ActiveCfg = Debug|Win32
		{98FB520C-D681-4AD1-AB52-A7A29BCFC19C}.Debug|x86.Build.0 = Debug|Win32
		{98FB520C-D681-4AD1-AB52-A7A29BCFC19C}.Release|x64.ActiveCfg = Release|x64
		{98FB520C-D681-4AD1-AB52-A7A29BCFC19C}.Release|x64.Build.0 = Release|x64
		{98FB520C-D681-4AD1-AB52-A7A29BCFC19C}.Release|x86.ActiveCfg = Release|Win32
		{98FB520C-D681-4AD1-AB52-A7A29BCFC19C}.Release|x86.Build.0 = Release|Win32
		{C488A847-DF45-4262-BBB9-BBD941A71486}.Debug|x64.ActiveCfg = Debug|x64
		{C488A847-DF45-4262-BBB9-BBD941A71486}.Debug|x64.Build.0 = Debug|x64
		{C488A847-DF45-4262-BBB9-BBD941A71486}.Debug|x86.ActiveCfg = Debug|Win32
		{C488A847-DF45-4262-BBB9-BBD941A71486}.Debug|x86.Build.0 = Debug|Win32
		{C488A847-DF45-4262-BBB9-BBD941A71486}.Release|x64.ActiveCfg = Release|x64
		{C488A847-DF45-4262-BBB9-BBD941A71486}.Release|x64.Build.0 = Release|x64
		{C488A847-DF45-4262-BBB9-BBD941A71486}.Release|x86.ActiveCfg = Release|Win32
		{C488A847-DF45-4262-BBB9-BBD941A71486}.Release|x86.Build.0 = Release|Win32
	EndGlobalSection
	GlobalSection(SolutionProperties) = preSolution
		HideSolutionNode = FALSE
	EndGlobalSection
	GlobalSection(ExtensibilityGlobals) = postSolution
		SolutionGuid = {06BB4E95-DBA9-4030-BF70-59869497C007}
	EndGlobalSection
EndGlobal
