
Microsoft Visual Studio Solution File, Format Version 12.00
# Visual Studio 15
VisualStudioVersion = 15.0.27130.2020
MinimumVisualStudioVersion = 10.0.40219.1
Project("{8BC9CEB8-8B4A-11D0-8D11-00A0C91BC942}") = "part1_chapter07", "part1_chapter07\part1_chapter07.vcxproj", "{C24CD3EE-67F0-49E9-B3EE-9276BBE96390}"
EndProject
Project("{8BC9CEB8-8B4A-11D0-8D11-00A0C91BC942}") = "test", "test\test.vcxproj", "{8614276F-B5CE-4365-AA4B-910245831A47}"
EndProject
Global
	GlobalSection(SolutionConfigurationPlatforms) = preSolution
		Debug|x64 = Debug|x64
		Debug|x86 = Debug|x86
		Release|x64 = Release|x64
		Release|x86 = Release|x86
	EndGlobalSection
	GlobalSection(ProjectConfigurationPlatforms) = postSolution
		{C24CD3EE-67F0-49E9-B3EE-9276BBE96390}.Debug|x64.ActiveCfg = Debug|x64
		{C24CD3EE-67F0-49E9-B3EE-9276BBE96390}.Debug|x64.Build.0 = Debug|x64
		{C24CD3EE-67F0-49E9-B3EE-9276BBE96390}.Debug|x86.ActiveCfg = Debug|Win32
		{C24CD3EE-67F0-49E9-B3EE-9276BBE96390}.Debug|x86.Build.0 = Debug|Win32
		{C24CD3EE-67F0-49E9-B3EE-9276BBE96390}.Release|x64.ActiveCfg = Release|x64
		{C24CD3EE-67F0-49E9-B3EE-9276BBE96390}.Release|x64.Build.0 = Release|x64
		{C24CD3EE-67F0-49E9-B3EE-9276BBE96390}.Release|x86.ActiveCfg = Release|Win32
		{C24CD3EE-67F0-49E9-B3EE-9276BBE96390}.Release|x86.Build.0 = Release|Win32
		{8614276F-B5CE-4365-AA4B-910245831A47}.Debug|x64.ActiveCfg = Debug|x64
		{8614276F-B5CE-4365-AA4B-910245831A47}.Debug|x64.Build.0 = Debug|x64
		{8614276F-B5CE-4365-AA4B-910245831A47}.Debug|x86.ActiveCfg = Debug|Win32
		{8614276F-B5CE-4365-AA4B-910245831A47}.Debug|x86.Build.0 = Debug|Win32
		{8614276F-B5CE-4365-AA4B-910245831A47}.Release|x64.ActiveCfg = Release|x64
		{8614276F-B5CE-4365-AA4B-910245831A47}.Release|x64.Build.0 = Release|x64
		{8614276F-B5CE-4365-AA4B-910245831A47}.Release|x86.ActiveCfg = Release|Win32
		{8614276F-B5CE-4365-AA4B-910245831A47}.Release|x86.Build.0 = Release|Win32
	EndGlobalSection
	GlobalSection(SolutionProperties) = preSolution
		HideSolutionNode = FALSE
	EndGlobalSection
	GlobalSection(ExtensibilityGlobals) = postSolution
		SolutionGuid = {06BB4E95-DBA9-4030-BF70-59869497C007}
	EndGlobalSection
EndGlobal
